
Microsoft Visual Studio Solution File, Format Version 12.00
# Visual Studio Version 17
VisualStudioVersion = 17.6.33723.286
MinimumVisualStudioVersion = 10.0.40219.1
Project("{9A19103F-16F7-4668-BE54-9A1E7A4F7556}") = "BusinessLogic", "BusinessLogic\BusinessLogic.csproj", "{596F222B-43AB-471E-961D-382D9FF1A4AA}"
EndProject
Project("{9A19103F-16F7-4668-BE54-9A1E7A4F7556}") = "Infrastructure", "Infrastructure\Infrastructure.csproj", "{6DB4677F-C62F-4D83-932C-6DB2AAF8D108}"
EndProject
Project("{9A19103F-16F7-4668-BE54-9A1E7A4F7556}") = "HttpApi", "HttpApi\HttpApi.csproj", "{69859FB1-28A0-4BB8-AC5F-9C53EF4857ED}"
EndProject
Project("{9A19103F-16F7-4668-BE54-9A1E7A4F7556}") = "BusinessLogic.UnitTests", "BusinessLogic.UnitTests\BusinessLogic.UnitTests.csproj", "{31E88844-D7CB-4DA5-AA76-2B159CB42769}"
EndProject
Project("{9A19103F-16F7-4668-BE54-9A1E7A4F7556}") = "Functions", "Functions\Functions.csproj", "{2D94419D-7B64-4DC2-8A9F-7496D4F72FF6}"
EndProject
Project("{9A19103F-16F7-4668-BE54-9A1E7A4F7556}") = "HttpApi.UnitTests", "HttpApi.UnitTests\HttpApi.UnitTests.csproj", "{65F749BF-B1F3-431D-917A-E7C6B515600F}"
EndProject
Project("{9A19103F-16F7-4668-BE54-9A1E7A4F7556}") = "Infrastructure.UnitTests", "Infrastructure.UnitTests\Infrastructure.UnitTests.csproj", "{C1F5735B-F07A-480B-B786-6D89A972CC66}"
EndProject
Project("{00D1A9C2-B5F0-4AF3-8072-F6C62B433612}") = "NorwegianWeather.DB", "NorwegianWeather.DB\NorwegianWeather.DB.sqlproj", "{4FB4DBE5-409D-4408-958D-C2999078EDC6}"
EndProject
Global
	GlobalSection(SolutionConfigurationPlatforms) = preSolution
		Debug|Any CPU = Debug|Any CPU
		Release|Any CPU = Release|Any CPU
	EndGlobalSection
	GlobalSection(ProjectConfigurationPlatforms) = postSolution
		{596F222B-43AB-471E-961D-382D9FF1A4AA}.Debug|Any CPU.ActiveCfg = Debug|Any CPU
		{596F222B-43AB-471E-961D-382D9FF1A4AA}.Debug|Any CPU.Build.0 = Debug|Any CPU
		{596F222B-43AB-471E-961D-382D9FF1A4AA}.Release|Any CPU.ActiveCfg = Release|Any CPU
		{596F222B-43AB-471E-961D-382D9FF1A4AA}.Release|Any CPU.Build.0 = Release|Any CPU
		{6DB4677F-C62F-4D83-932C-6DB2AAF8D108}.Debug|Any CPU.ActiveCfg = Debug|Any CPU
		{6DB4677F-C62F-4D83-932C-6DB2AAF8D108}.Debug|Any CPU.Build.0 = Debug|Any CPU
		{6DB4677F-C62F-4D83-932C-6DB2AAF8D108}.Release|Any CPU.ActiveCfg = Release|Any CPU
		{6DB4677F-C62F-4D83-932C-6DB2AAF8D108}.Release|Any CPU.Build.0 = Release|Any CPU
		{69859FB1-28A0-4BB8-AC5F-9C53EF4857ED}.Debug|Any CPU.ActiveCfg = Debug|Any CPU
		{69859FB1-28A0-4BB8-AC5F-9C53EF4857ED}.Debug|Any CPU.Build.0 = Debug|Any CPU
		{69859FB1-28A0-4BB8-AC5F-9C53EF4857ED}.Release|Any CPU.ActiveCfg = Release|Any CPU
		{69859FB1-28A0-4BB8-AC5F-9C53EF4857ED}.Release|Any CPU.Build.0 = Release|Any CPU
		{31E88844-D7CB-4DA5-AA76-2B159CB42769}.Debug|Any CPU.ActiveCfg = Debug|Any CPU
		{31E88844-D7CB-4DA5-AA76-2B159CB42769}.Debug|Any CPU.Build.0 = Debug|Any CPU
		{31E88844-D7CB-4DA5-AA76-2B159CB42769}.Release|Any CPU.ActiveCfg = Release|Any CPU
		{31E88844-D7CB-4DA5-AA76-2B159CB42769}.Release|Any CPU.Build.0 = Release|Any CPU
		{2D94419D-7B64-4DC2-8A9F-7496D4F72FF6}.Debug|Any CPU.ActiveCfg = Debug|Any CPU
		{2D94419D-7B64-4DC2-8A9F-7496D4F72FF6}.Debug|Any CPU.Build.0 = Debug|Any CPU
		{2D94419D-7B64-4DC2-8A9F-7496D4F72FF6}.Release|Any CPU.ActiveCfg = Release|Any CPU
		{2D94419D-7B64-4DC2-8A9F-7496D4F72FF6}.Release|Any CPU.Build.0 = Release|Any CPU
		{65F749BF-B1F3-431D-917A-E7C6B515600F}.Debug|Any CPU.ActiveCfg = Debug|Any CPU
		{65F749BF-B1F3-431D-917A-E7C6B515600F}.Debug|Any CPU.Build.0 = Debug|Any CPU
		{65F749BF-B1F3-431D-917A-E7C6B515600F}.Release|Any CPU.ActiveCfg = Release|Any CPU
		{65F749BF-B1F3-431D-917A-E7C6B515600F}.Release|Any CPU.Build.0 = Release|Any CPU
		{C1F5735B-F07A-480B-B786-6D89A972CC66}.Debug|Any CPU.ActiveCfg = Debug|Any CPU
		{C1F5735B-F07A-480B-B786-6D89A972CC66}.Debug|Any CPU.Build.0 = Debug|Any CPU
		{C1F5735B-F07A-480B-B786-6D89A972CC66}.Release|Any CPU.ActiveCfg = Release|Any CPU
		{C1F5735B-F07A-480B-B786-6D89A972CC66}.Release|Any CPU.Build.0 = Release|Any CPU
		{4FB4DBE5-409D-4408-958D-C2999078EDC6}.Debug|Any CPU.ActiveCfg = Debug|Any CPU
		{4FB4DBE5-409D-4408-958D-C2999078EDC6}.Debug|Any CPU.Build.0 = Debug|Any CPU
		{4FB4DBE5-409D-4408-958D-C2999078EDC6}.Debug|Any CPU.Deploy.0 = Debug|Any CPU
		{4FB4DBE5-409D-4408-958D-C2999078EDC6}.Release|Any CPU.ActiveCfg = Release|Any CPU
		{4FB4DBE5-409D-4408-958D-C2999078EDC6}.Release|Any CPU.Build.0 = Release|Any CPU
		{4FB4DBE5-409D-4408-958D-C2999078EDC6}.Release|Any CPU.Deploy.0 = Release|Any CPU
	EndGlobalSection
	GlobalSection(SolutionProperties) = preSolution
		HideSolutionNode = FALSE
	EndGlobalSection
	GlobalSection(ExtensibilityGlobals) = postSolution
		SolutionGuid = {42831148-287D-434E-8362-FC7CDB44826D}
	EndGlobalSection
EndGlobal
